
Microsoft Visual Studio Solution File, Format Version 12.00
# Visual Studio Version 17
VisualStudioVersion = 17.0.31903.59
MinimumVisualStudioVersion = 10.0.40219.1
Project("{FAE04EC0-301F-11D3-BF4B-00C04F79EFBC}") = "MagnusCore", "MagnusCore\MagnusCore.csproj", "{39C11667-B429-4BA2-A25F-DD3FF5EF9801}"
EndProject
Project("{FAE04EC0-301F-11D3-BF4B-00C04F79EFBC}") = "MagnusCore.Tests", "MagnusCore.Tests\MagnusCore.Tests.csproj", "{14EEDF5A-040A-493F-89DF-2BB64DE11A09}"
EndProject
Project("{FAE04EC0-301F-11D3-BF4B-00C04F79EFBC}") = "MagnusCore.Console", "MagnusCore.Console\MagnusCore.Console.csproj", "{A3F4B7A2-A591-467F-A52F-573655F67A50}"
EndProject
Global
	GlobalSection(SolutionConfigurationPlatforms) = preSolution
		Debug|Any CPU = Debug|Any CPU
		Debug|x64 = Debug|x64
		Debug|x86 = Debug|x86
		Release|Any CPU = Release|Any CPU
		Release|x64 = Release|x64
		Release|x86 = Release|x86
	EndGlobalSection
	GlobalSection(ProjectConfigurationPlatforms) = postSolution
		{39C11667-B429-4BA2-A25F-DD3FF5EF9801}.Debug|Any CPU.ActiveCfg = Debug|Any CPU
		{39C11667-B429-4BA2-A25F-DD3FF5EF9801}.Debug|Any CPU.Build.0 = Debug|Any CPU
		{39C11667-B429-4BA2-A25F-DD3FF5EF9801}.Debug|x64.ActiveCfg = Debug|Any CPU
		{39C11667-B429-4BA2-A25F-DD3FF5EF9801}.Debug|x64.Build.0 = Debug|Any CPU
		{39C11667-B429-4BA2-A25F-DD3FF5EF9801}.Debug|x86.ActiveCfg = Debug|Any CPU
		{39C11667-B429-4BA2-A25F-DD3FF5EF9801}.Debug|x86.Build.0 = Debug|Any CPU
		{39C11667-B429-4BA2-A25F-DD3FF5EF9801}.Release|Any CPU.ActiveCfg = Release|Any CPU
		{39C11667-B429-4BA2-A25F-DD3FF5EF9801}.Release|Any CPU.Build.0 = Release|Any CPU
		{39C11667-B429-4BA2-A25F-DD3FF5EF9801}.Release|x64.ActiveCfg = Release|Any CPU
		{39C11667-B429-4BA2-A25F-DD3FF5EF9801}.Release|x64.Build.0 = Release|Any CPU
		{39C11667-B429-4BA2-A25F-DD3FF5EF9801}.Release|x86.ActiveCfg = Release|Any CPU
		{39C11667-B429-4BA2-A25F-DD3FF5EF9801}.Release|x86.Build.0 = Release|Any CPU
		{14EEDF5A-040A-493F-89DF-2BB64DE11A09}.Debug|Any CPU.ActiveCfg = Debug|Any CPU
		{14EEDF5A-040A-493F-89DF-2BB64DE11A09}.Debug|Any CPU.Build.0 = Debug|Any CPU
		{14EEDF5A-040A-493F-89DF-2BB64DE11A09}.Debug|x64.ActiveCfg = Debug|Any CPU
		{14EEDF5A-040A-493F-89DF-2BB64DE11A09}.Debug|x64.Build.0 = Debug|Any CPU
		{14EEDF5A-040A-493F-89DF-2BB64DE11A09}.Debug|x86.ActiveCfg = Debug|Any CPU
		{14EEDF5A-040A-493F-89DF-2BB64DE11A09}.Debug|x86.Build.0 = Debug|Any CPU
		{14EEDF5A-040A-493F-89DF-2BB64DE11A09}.Release|Any CPU.ActiveCfg = Release|Any CPU
		{14EEDF5A-040A-493F-89DF-2BB64DE11A09}.Release|Any CPU.Build.0 = Release|Any CPU
		{14EEDF5A-040A-493F-89DF-2BB64DE11A09}.Release|x64.ActiveCfg = Release|Any CPU
		{14EEDF5A-040A-493F-89DF-2BB64DE11A09}.Release|x64.Build.0 = Release|Any CPU
		{14EEDF5A-040A-493F-89DF-2BB64DE11A09}.Release|x86.ActiveCfg = Release|Any CPU
		{14EEDF5A-040A-493F-89DF-2BB64DE11A09}.Release|x86.Build.0 = Release|Any CPU
		{A3F4B7A2-A591-467F-A52F-573655F67A50}.Debug|Any CPU.ActiveCfg = Debug|Any CPU
		{A3F4B7A2-A591-467F-A52F-573655F67A50}.Debug|Any CPU.Build.0 = Debug|Any CPU
		{A3F4B7A2-A591-467F-A52F-573655F67A50}.Debug|x64.ActiveCfg = Debug|Any CPU
		{A3F4B7A2-A591-467F-A52F-573655F67A50}.Debug|x64.Build.0 = Debug|Any CPU
		{A3F4B7A2-A591-467F-A52F-573655F67A50}.Debug|x86.ActiveCfg = Debug|Any CPU
		{A3F4B7A2-A591-467F-A52F-573655F67A50}.Debug|x86.Build.0 = Debug|Any CPU
		{A3F4B7A2-A591-467F-A52F-573655F67A50}.Release|Any CPU.ActiveCfg = Release|Any CPU
		{A3F4B7A2-A591-467F-A52F-573655F67A50}.Release|Any CPU.Build.0 = Release|Any CPU
		{A3F4B7A2-A591-467F-A52F-573655F67A50}.Release|x64.ActiveCfg = Release|Any CPU
		{A3F4B7A2-A591-467F-A52F-573655F67A50}.Release|x64.Build.0 = Release|Any CPU
		{A3F4B7A2-A591-467F-A52F-573655F67A50}.Release|x86.ActiveCfg = Release|Any CPU
		{A3F4B7A2-A591-467F-A52F-573655F67A50}.Release|x86.Build.0 = Release|Any CPU
	EndGlobalSection
	GlobalSection(SolutionProperties) = preSolution
		HideSolutionNode = FALSE
	EndGlobalSection
EndGlobal
