
Microsoft Visual Studio Solution File, Format Version 12.00
# Visual Studio Version 17
VisualStudioVersion = 17.0.31903.59
MinimumVisualStudioVersion = 10.0.40219.1
Project("{FAE04EC0-301F-11D3-BF4B-00C04F79EFBC}") = "JAStudio.Core", "JAStudio.Core\JAStudio.Core.csproj", "{0ADB4DDC-043D-416E-BD24-7064F5552DC1}"
EndProject
Project("{FAE04EC0-301F-11D3-BF4B-00C04F79EFBC}") = "JAStudio.Core.Tests", "JAStudio.Core.Tests\JAStudio.Core.Tests.csproj", "{DA2AE3CF-9C5A-40FD-9168-38284CB10DFD}"
EndProject
Project("{FAE04EC0-301F-11D3-BF4B-00C04F79EFBC}") = "JAStudio.Console", "JAStudio.Console\JAStudio.Console.csproj", "{C9337D25-E1AA-4030-9069-33B37083D3B3}"
EndProject
Project("{FAE04EC0-301F-11D3-BF4B-00C04F79EFBC}") = "JAStudio.PythonInterop", "JAStudio.PythonInterop\JAStudio.PythonInterop.csproj", "{FB2D9A11-5F3D-4FF2-88CA-BAB9AF2E20FB}"
EndProject
Global
	GlobalSection(SolutionConfigurationPlatforms) = preSolution
		Debug|Any CPU = Debug|Any CPU
		Debug|x64 = Debug|x64
		Debug|x86 = Debug|x86
		Release|Any CPU = Release|Any CPU
		Release|x64 = Release|x64
		Release|x86 = Release|x86
	EndGlobalSection
	GlobalSection(ProjectConfigurationPlatforms) = postSolution
		{0ADB4DDC-043D-416E-BD24-7064F5552DC1}.Debug|Any CPU.ActiveCfg = Debug|Any CPU
		{0ADB4DDC-043D-416E-BD24-7064F5552DC1}.Debug|Any CPU.Build.0 = Debug|Any CPU
		{0ADB4DDC-043D-416E-BD24-7064F5552DC1}.Debug|x64.ActiveCfg = Debug|Any CPU
		{0ADB4DDC-043D-416E-BD24-7064F5552DC1}.Debug|x64.Build.0 = Debug|Any CPU
		{0ADB4DDC-043D-416E-BD24-7064F5552DC1}.Debug|x86.ActiveCfg = Debug|Any CPU
		{0ADB4DDC-043D-416E-BD24-7064F5552DC1}.Debug|x86.Build.0 = Debug|Any CPU
		{0ADB4DDC-043D-416E-BD24-7064F5552DC1}.Release|Any CPU.ActiveCfg = Release|Any CPU
		{0ADB4DDC-043D-416E-BD24-7064F5552DC1}.Release|Any CPU.Build.0 = Release|Any CPU
		{0ADB4DDC-043D-416E-BD24-7064F5552DC1}.Release|x64.ActiveCfg = Release|Any CPU
		{0ADB4DDC-043D-416E-BD24-7064F5552DC1}.Release|x64.Build.0 = Release|Any CPU
		{0ADB4DDC-043D-416E-BD24-7064F5552DC1}.Release|x86.ActiveCfg = Release|Any CPU
		{0ADB4DDC-043D-416E-BD24-7064F5552DC1}.Release|x86.Build.0 = Release|Any CPU
		{DA2AE3CF-9C5A-40FD-9168-38284CB10DFD}.Debug|Any CPU.ActiveCfg = Debug|Any CPU
		{DA2AE3CF-9C5A-40FD-9168-38284CB10DFD}.Debug|Any CPU.Build.0 = Debug|Any CPU
		{DA2AE3CF-9C5A-40FD-9168-38284CB10DFD}.Debug|x64.ActiveCfg = Debug|Any CPU
		{DA2AE3CF-9C5A-40FD-9168-38284CB10DFD}.Debug|x64.Build.0 = Debug|Any CPU
		{DA2AE3CF-9C5A-40FD-9168-38284CB10DFD}.Debug|x86.ActiveCfg = Debug|Any CPU
		{DA2AE3CF-9C5A-40FD-9168-38284CB10DFD}.Debug|x86.Build.0 = Debug|Any CPU
		{DA2AE3CF-9C5A-40FD-9168-38284CB10DFD}.Release|Any CPU.ActiveCfg = Release|Any CPU
		{DA2AE3CF-9C5A-40FD-9168-38284CB10DFD}.Release|Any CPU.Build.0 = Release|Any CPU
		{DA2AE3CF-9C5A-40FD-9168-38284CB10DFD}.Release|x64.ActiveCfg = Release|Any CPU
		{DA2AE3CF-9C5A-40FD-9168-38284CB10DFD}.Release|x64.Build.0 = Release|Any CPU
		{DA2AE3CF-9C5A-40FD-9168-38284CB10DFD}.Release|x86.ActiveCfg = Release|Any CPU
		{DA2AE3CF-9C5A-40FD-9168-38284CB10DFD}.Release|x86.Build.0 = Release|Any CPU
		{C9337D25-E1AA-4030-9069-33B37083D3B3}.Debug|Any CPU.ActiveCfg = Debug|Any CPU
		{C9337D25-E1AA-4030-9069-33B37083D3B3}.Debug|Any CPU.Build.0 = Debug|Any CPU
		{C9337D25-E1AA-4030-9069-33B37083D3B3}.Debug|x64.ActiveCfg = Debug|Any CPU
		{C9337D25-E1AA-4030-9069-33B37083D3B3}.Debug|x64.Build.0 = Debug|Any CPU
		{C9337D25-E1AA-4030-9069-33B37083D3B3}.Debug|x86.ActiveCfg = Debug|Any CPU
		{C9337D25-E1AA-4030-9069-33B37083D3B3}.Debug|x86.Build.0 = Debug|Any CPU
		{C9337D25-E1AA-4030-9069-33B37083D3B3}.Release|Any CPU.ActiveCfg = Release|Any CPU
		{C9337D25-E1AA-4030-9069-33B37083D3B3}.Release|Any CPU.Build.0 = Release|Any CPU
		{C9337D25-E1AA-4030-9069-33B37083D3B3}.Release|x64.ActiveCfg = Release|Any CPU
		{C9337D25-E1AA-4030-9069-33B37083D3B3}.Release|x64.Build.0 = Release|Any CPU
		{C9337D25-E1AA-4030-9069-33B37083D3B3}.Release|x86.ActiveCfg = Release|Any CPU
		{C9337D25-E1AA-4030-9069-33B37083D3B3}.Release|x86.Build.0 = Release|Any CPU
		{FB2D9A11-5F3D-4FF2-88CA-BAB9AF2E20FB}.Debug|Any CPU.ActiveCfg = Debug|Any CPU
		{FB2D9A11-5F3D-4FF2-88CA-BAB9AF2E20FB}.Debug|Any CPU.Build.0 = Debug|Any CPU
		{FB2D9A11-5F3D-4FF2-88CA-BAB9AF2E20FB}.Debug|x64.ActiveCfg = Debug|Any CPU
		{FB2D9A11-5F3D-4FF2-88CA-BAB9AF2E20FB}.Debug|x64.Build.0 = Debug|Any CPU
		{FB2D9A11-5F3D-4FF2-88CA-BAB9AF2E20FB}.Debug|x86.ActiveCfg = Debug|Any CPU
		{FB2D9A11-5F3D-4FF2-88CA-BAB9AF2E20FB}.Debug|x86.Build.0 = Debug|Any CPU
		{FB2D9A11-5F3D-4FF2-88CA-BAB9AF2E20FB}.Release|Any CPU.ActiveCfg = Release|Any CPU
		{FB2D9A11-5F3D-4FF2-88CA-BAB9AF2E20FB}.Release|Any CPU.Build.0 = Release|Any CPU
		{FB2D9A11-5F3D-4FF2-88CA-BAB9AF2E20FB}.Release|x64.ActiveCfg = Release|Any CPU
		{FB2D9A11-5F3D-4FF2-88CA-BAB9AF2E20FB}.Release|x64.Build.0 = Release|Any CPU
		{FB2D9A11-5F3D-4FF2-88CA-BAB9AF2E20FB}.Release|x86.ActiveCfg = Release|Any CPU
		{FB2D9A11-5F3D-4FF2-88CA-BAB9AF2E20FB}.Release|x86.Build.0 = Release|Any CPU
	EndGlobalSection
	GlobalSection(SolutionProperties) = preSolution
		HideSolutionNode = FALSE
	EndGlobalSection
EndGlobal
