
Microsoft Visual Studio Solution File, Format Version 12.00
# Visual Studio Version 17
VisualStudioVersion = 17.6.33829.357
MinimumVisualStudioVersion = 10.0.40219.1
Project("{FAE04EC0-301F-11D3-BF4B-00C04F79EFBC}") = "Anki", "Anki.csproj", "{49155800-8945-4050-AB36-A3239C78DEDF}"
EndProject
Global
	GlobalSection(SolutionConfigurationPlatforms) = preSolution
		Debug|Any CPU = Debug|Any CPU
		Release|Any CPU = Release|Any CPU
	EndGlobalSection
	GlobalSection(ProjectConfigurationPlatforms) = postSolution
		{49155800-8945-4050-AB36-A3239C78DEDF}.Debug|Any CPU.ActiveCfg = Debug|Any CPU
		{49155800-8945-4050-AB36-A3239C78DEDF}.Debug|Any CPU.Build.0 = Debug|Any CPU
		{49155800-8945-4050-AB36-A3239C78DEDF}.Release|Any CPU.ActiveCfg = Release|Any CPU
		{49155800-8945-4050-AB36-A3239C78DEDF}.Release|Any CPU.Build.0 = Release|Any CPU
	EndGlobalSection
	GlobalSection(SolutionProperties) = preSolution
		HideSolutionNode = FALSE
	EndGlobalSection
	GlobalSection(ExtensibilityGlobals) = postSolution
		SolutionGuid = {50FDE9D0-8989-4086-8828-FC9161FB91CA}
	EndGlobalSection
EndGlobal
